
Microsoft Visual Studio Solution File, Format Version 12.00
# Visual Studio Version 17
VisualStudioVersion = 17.9.34622.214
MinimumVisualStudioVersion = 10.0.40219.1
Project("{2150E333-8FDC-42A3-9474-1A3956D46DE8}") = "src", "src", "{8A9C95BF-2546-4FB5-A173-1C555234B7F6}"
EndProject
Project("{2150E333-8FDC-42A3-9474-1A3956D46DE8}") = "Core", "Core", "{E7777F87-CAEA-437C-955D-3135C2E1A37E}"
EndProject
Project("{2150E333-8FDC-42A3-9474-1A3956D46DE8}") = "Infraestructure", "Infraestructure", "{0C923118-B5E6-40B6-973D-A063235CE9F8}"
EndProject
Project("{2150E333-8FDC-42A3-9474-1A3956D46DE8}") = "Presentation", "Presentation", "{B78C73B3-8E0B-43AA-A761-468C6204B973}"
EndProject
Project("{9A19103F-16F7-4668-BE54-9A1E7A4F7556}") = "Domain", "Domain\Domain.csproj", "{609C2746-7639-4076-88D1-6E2892712ED2}"
EndProject
Project("{9A19103F-16F7-4668-BE54-9A1E7A4F7556}") = "WebAPI", "WebAPI\WebAPI.csproj", "{37F56680-6D65-46CA-BC75-1CA683034E7A}"
EndProject
Project("{9A19103F-16F7-4668-BE54-9A1E7A4F7556}") = "Persistence", "Persistence\Persistence.csproj", "{BA511A52-4863-43A3-B926-51CCEA35695D}"
EndProject
Project("{9A19103F-16F7-4668-BE54-9A1E7A4F7556}") = "Shared", "Shared\Shared.csproj", "{13845CF4-BADC-4D29-8C6A-89B4830A307F}"
EndProject
Project("{9A19103F-16F7-4668-BE54-9A1E7A4F7556}") = "Services", "Services\Services.csproj", "{BF072F91-F8FD-427D-8EFD-CB6A4DC6BD97}"
EndProject
Project("{9A19103F-16F7-4668-BE54-9A1E7A4F7556}") = "Services.Abstractions", "Services.Abstractions\Services.Abstractions.csproj", "{D4A42EB8-89C7-4703-A8A3-9990C2923ED7}"
EndProject
Project("{FAE04EC0-301F-11D3-BF4B-00C04F79EFBC}") = "Mapping", "Mapping\Mapping.csproj", "{26BB0B6C-44D2-40FA-BFAE-A9264367F903}"
EndProject
Global
	GlobalSection(SolutionConfigurationPlatforms) = preSolution
		Debug|Any CPU = Debug|Any CPU
		Release|Any CPU = Release|Any CPU
	EndGlobalSection
	GlobalSection(ProjectConfigurationPlatforms) = postSolution
		{609C2746-7639-4076-88D1-6E2892712ED2}.Debug|Any CPU.ActiveCfg = Debug|Any CPU
		{609C2746-7639-4076-88D1-6E2892712ED2}.Debug|Any CPU.Build.0 = Debug|Any CPU
		{609C2746-7639-4076-88D1-6E2892712ED2}.Release|Any CPU.ActiveCfg = Release|Any CPU
		{609C2746-7639-4076-88D1-6E2892712ED2}.Release|Any CPU.Build.0 = Release|Any CPU
		{37F56680-6D65-46CA-BC75-1CA683034E7A}.Debug|Any CPU.ActiveCfg = Debug|Any CPU
		{37F56680-6D65-46CA-BC75-1CA683034E7A}.Debug|Any CPU.Build.0 = Debug|Any CPU
		{37F56680-6D65-46CA-BC75-1CA683034E7A}.Release|Any CPU.ActiveCfg = Release|Any CPU
		{37F56680-6D65-46CA-BC75-1CA683034E7A}.Release|Any CPU.Build.0 = Release|Any CPU
		{BA511A52-4863-43A3-B926-51CCEA35695D}.Debug|Any CPU.ActiveCfg = Debug|Any CPU
		{BA511A52-4863-43A3-B926-51CCEA35695D}.Debug|Any CPU.Build.0 = Debug|Any CPU
		{BA511A52-4863-43A3-B926-51CCEA35695D}.Release|Any CPU.ActiveCfg = Release|Any CPU
		{BA511A52-4863-43A3-B926-51CCEA35695D}.Release|Any CPU.Build.0 = Release|Any CPU
		{13845CF4-BADC-4D29-8C6A-89B4830A307F}.Debug|Any CPU.ActiveCfg = Debug|Any CPU
		{13845CF4-BADC-4D29-8C6A-89B4830A307F}.Debug|Any CPU.Build.0 = Debug|Any CPU
		{13845CF4-BADC-4D29-8C6A-89B4830A307F}.Release|Any CPU.ActiveCfg = Release|Any CPU
		{13845CF4-BADC-4D29-8C6A-89B4830A307F}.Release|Any CPU.Build.0 = Release|Any CPU
		{BF072F91-F8FD-427D-8EFD-CB6A4DC6BD97}.Debug|Any CPU.ActiveCfg = Debug|Any CPU
		{BF072F91-F8FD-427D-8EFD-CB6A4DC6BD97}.Debug|Any CPU.Build.0 = Debug|Any CPU
		{BF072F91-F8FD-427D-8EFD-CB6A4DC6BD97}.Release|Any CPU.ActiveCfg = Release|Any CPU
		{BF072F91-F8FD-427D-8EFD-CB6A4DC6BD97}.Release|Any CPU.Build.0 = Release|Any CPU
		{D4A42EB8-89C7-4703-A8A3-9990C2923ED7}.Debug|Any CPU.ActiveCfg = Debug|Any CPU
		{D4A42EB8-89C7-4703-A8A3-9990C2923ED7}.Debug|Any CPU.Build.0 = Debug|Any CPU
		{D4A42EB8-89C7-4703-A8A3-9990C2923ED7}.Release|Any CPU.ActiveCfg = Release|Any CPU
		{D4A42EB8-89C7-4703-A8A3-9990C2923ED7}.Release|Any CPU.Build.0 = Release|Any CPU
		{26BB0B6C-44D2-40FA-BFAE-A9264367F903}.Debug|Any CPU.ActiveCfg = Debug|Any CPU
		{26BB0B6C-44D2-40FA-BFAE-A9264367F903}.Debug|Any CPU.Build.0 = Debug|Any CPU
		{26BB0B6C-44D2-40FA-BFAE-A9264367F903}.Release|Any CPU.ActiveCfg = Release|Any CPU
		{26BB0B6C-44D2-40FA-BFAE-A9264367F903}.Release|Any CPU.Build.0 = Release|Any CPU
	EndGlobalSection
	GlobalSection(SolutionProperties) = preSolution
		HideSolutionNode = FALSE
	EndGlobalSection
	GlobalSection(NestedProjects) = preSolution
		{E7777F87-CAEA-437C-955D-3135C2E1A37E} = {8A9C95BF-2546-4FB5-A173-1C555234B7F6}
		{0C923118-B5E6-40B6-973D-A063235CE9F8} = {8A9C95BF-2546-4FB5-A173-1C555234B7F6}
		{B78C73B3-8E0B-43AA-A761-468C6204B973} = {8A9C95BF-2546-4FB5-A173-1C555234B7F6}
		{609C2746-7639-4076-88D1-6E2892712ED2} = {E7777F87-CAEA-437C-955D-3135C2E1A37E}
		{37F56680-6D65-46CA-BC75-1CA683034E7A} = {B78C73B3-8E0B-43AA-A761-468C6204B973}
		{BA511A52-4863-43A3-B926-51CCEA35695D} = {0C923118-B5E6-40B6-973D-A063235CE9F8}
		{13845CF4-BADC-4D29-8C6A-89B4830A307F} = {0C923118-B5E6-40B6-973D-A063235CE9F8}
		{BF072F91-F8FD-427D-8EFD-CB6A4DC6BD97} = {E7777F87-CAEA-437C-955D-3135C2E1A37E}
		{D4A42EB8-89C7-4703-A8A3-9990C2923ED7} = {E7777F87-CAEA-437C-955D-3135C2E1A37E}
		{26BB0B6C-44D2-40FA-BFAE-A9264367F903} = {0C923118-B5E6-40B6-973D-A063235CE9F8}
	EndGlobalSection
	GlobalSection(ExtensibilityGlobals) = postSolution
		SolutionGuid = {F85643C2-8FB5-4B7B-BDC2-4C0D7E556413}
	EndGlobalSection
EndGlobal
